
Microsoft Visual Studio Solution File, Format Version 12.00
# Visual Studio Version 17
VisualStudioVersion = 17.14.36804.6 d17.14
MinimumVisualStudioVersion = 10.0.40219.1
Project("{FAE04EC0-301F-11D3-BF4B-00C04F79EFBC}") = "Iot_Project", "Iot_Project\Iot_Project.csproj", "{FDFB2BD8-E44B-4BF0-841C-E6C06D57C9D5}"
EndProject
Global
	GlobalSection(SolutionConfigurationPlatforms) = preSolution
		Debug|Any CPU = Debug|Any CPU
		Release|Any CPU = Release|Any CPU
	EndGlobalSection
	GlobalSection(ProjectConfigurationPlatforms) = postSolution
		{FDFB2BD8-E44B-4BF0-841C-E6C06D57C9D5}.Debug|Any CPU.ActiveCfg = Debug|Any CPU
		{FDFB2BD8-E44B-4BF0-841C-E6C06D57C9D5}.Debug|Any CPU.Build.0 = Debug|Any CPU
		{FDFB2BD8-E44B-4BF0-841C-E6C06D57C9D5}.Release|Any CPU.ActiveCfg = Release|Any CPU
		{FDFB2BD8-E44B-4BF0-841C-E6C06D57C9D5}.Release|Any CPU.Build.0 = Release|Any CPU
	EndGlobalSection
	GlobalSection(SolutionProperties) = preSolution
		HideSolutionNode = FALSE
	EndGlobalSection
	GlobalSection(ExtensibilityGlobals) = postSolution
		SolutionGuid = {5CC2ADD7-2049-4564-88D1-7F88AE7837C0}
	EndGlobalSection
EndGlobal
